
Microsoft Visual Studio Solution File, Format Version 12.00
# Visual Studio Version 17
VisualStudioVersion = 17.4.33213.308
MinimumVisualStudioVersion = 10.0.40219.1
Project("{FAE04EC0-301F-11D3-BF4B-00C04F79EFBC}") = "bebraProject333", "bebraProject333\bebraProject333.csproj", "{F479FEA8-2E2D-40BB-9D52-9BD96D129EDF}"
EndProject
Global
	GlobalSection(SolutionConfigurationPlatforms) = preSolution
		Debug|Any CPU = Debug|Any CPU
		Release|Any CPU = Release|Any CPU
	EndGlobalSection
	GlobalSection(ProjectConfigurationPlatforms) = postSolution
		{F479FEA8-2E2D-40BB-9D52-9BD96D129EDF}.Debug|Any CPU.ActiveCfg = Debug|Any CPU
		{F479FEA8-2E2D-40BB-9D52-9BD96D129EDF}.Debug|Any CPU.Build.0 = Debug|Any CPU
		{F479FEA8-2E2D-40BB-9D52-9BD96D129EDF}.Release|Any CPU.ActiveCfg = Release|Any CPU
		{F479FEA8-2E2D-40BB-9D52-9BD96D129EDF}.Release|Any CPU.Build.0 = Release|Any CPU
	EndGlobalSection
	GlobalSection(SolutionProperties) = preSolution
		HideSolutionNode = FALSE
	EndGlobalSection
	GlobalSection(ExtensibilityGlobals) = postSolution
		SolutionGuid = {9ACCE43A-1E21-4942-9FDF-41EB10E433B4}
	EndGlobalSection
EndGlobal
